// !$*UTF8*$!
{
	archiveVersion = 1;
	classes = {
	};
	objectVersion = 56;
	objects = {

/* Begin PBXBuildFile section */
		7921F54A292575B400173F39 /* AppFoundation in Frameworks */ = {isa = PBXBuildFile; productRef = 7921F549292575B400173F39 /* AppFoundation */; };
		7921F54C2925825800173F39 /* ModelEntityP.swift in Sources */ = {isa = PBXBuildFile; fileRef = 7921F54B2925825800173F39 /* ModelEntityP.swift */; };
		79388A4529256819002AABB8 /* CoreDataController.swift in Sources */ = {isa = PBXBuildFile; fileRef = 79388A4429256819002AABB8 /* CoreDataController.swift */; };
		79388A4629256819002AABB8 /* CoreDataController.swift in Sources */ = {isa = PBXBuildFile; fileRef = 79388A4429256819002AABB8 /* CoreDataController.swift */; };
		79388A4929256E13002AABB8 /* MainScene.swift in Sources */ = {isa = PBXBuildFile; fileRef = 79388A4829256E13002AABB8 /* MainScene.swift */; };
		79388A4A29256E13002AABB8 /* MainScene.swift in Sources */ = {isa = PBXBuildFile; fileRef = 79388A4829256E13002AABB8 /* MainScene.swift */; };
		79388A4B29256E13002AABB8 /* MainScene.swift in Sources */ = {isa = PBXBuildFile; fileRef = 79388A4829256E13002AABB8 /* MainScene.swift */; };
		79388A4F29257025002AABB8 /* AppState.swift in Sources */ = {isa = PBXBuildFile; fileRef = 79388A4E29257025002AABB8 /* AppState.swift */; };
		79388A5029257025002AABB8 /* AppState.swift in Sources */ = {isa = PBXBuildFile; fileRef = 79388A4E29257025002AABB8 /* AppState.swift */; };
		79388A5129257025002AABB8 /* AppState.swift in Sources */ = {isa = PBXBuildFile; fileRef = 79388A4E29257025002AABB8 /* AppState.swift */; };
		79388A5329257045002AABB8 /* NavigationModel.swift in Sources */ = {isa = PBXBuildFile; fileRef = 79388A5229257045002AABB8 /* NavigationModel.swift */; };
		79388A5429257045002AABB8 /* NavigationModel.swift in Sources */ = {isa = PBXBuildFile; fileRef = 79388A5229257045002AABB8 /* NavigationModel.swift */; };
		79595C6F2934298300C81021 /* SchoolBrowserRow.swift in Sources */ = {isa = PBXBuildFile; fileRef = 79595C6E2934298300C81021 /* SchoolBrowserRow.swift */; };
		798458EA2939529D00B74538 /* AnnotationView.swift in Sources */ = {isa = PBXBuildFile; fileRef = 798458E92939529D00B74538 /* AnnotationView.swift */; };
		79AEA0A929356DBA0053DDDD /* SchoolEditor.swift in Sources */ = {isa = PBXBuildFile; fileRef = 79AEA0A829356DBA0053DDDD /* SchoolEditor.swift */; };
		79AEA0AB29358A8F0053DDDD /* SchoolDetail.swift in Sources */ = {isa = PBXBuildFile; fileRef = 79AEA0AA29358A8F0053DDDD /* SchoolDetail.swift */; };
		79B6630529244C3F007B1FBD /* Assistant_ProfesseurApp.swift in Sources */ = {isa = PBXBuildFile; fileRef = 79B6630429244C3F007B1FBD /* Assistant_ProfesseurApp.swift */; };
		79B6630729244C3F007B1FBD /* ContentView.swift in Sources */ = {isa = PBXBuildFile; fileRef = 79B6630629244C3F007B1FBD /* ContentView.swift */; };
		79B6630929244C3F007B1FBD /* Assets.xcassets in Resources */ = {isa = PBXBuildFile; fileRef = 79B6630829244C3F007B1FBD /* Assets.xcassets */; };
		79B6630D29244C3F007B1FBD /* Preview Assets.xcassets in Resources */ = {isa = PBXBuildFile; fileRef = 79B6630C29244C3F007B1FBD /* Preview Assets.xcassets */; };
		79B6631729244C3F007B1FBD /* Assistant_ProfesseurTests.swift in Sources */ = {isa = PBXBuildFile; fileRef = 79B6631629244C3F007B1FBD /* Assistant_ProfesseurTests.swift */; };
		79B6632129244C3F007B1FBD /* Assistant_ProfesseurUITests.swift in Sources */ = {isa = PBXBuildFile; fileRef = 79B6632029244C3F007B1FBD /* Assistant_ProfesseurUITests.swift */; };
		79B6632329244C3F007B1FBD /* Assistant_ProfesseurUITestsLaunchTests.swift in Sources */ = {isa = PBXBuildFile; fileRef = 79B6632229244C3F007B1FBD /* Assistant_ProfesseurUITestsLaunchTests.swift */; };
		79B6633129244FC9007B1FBD /* AppModel.xcdatamodeld in Sources */ = {isa = PBXBuildFile; fileRef = 79B6632F29244FC9007B1FBD /* AppModel.xcdatamodeld */; };
		79BF1DA229280ED7005D6CF3 /* School+Extensions.swift in Sources */ = {isa = PBXBuildFile; fileRef = 79BF1DA129280ED7005D6CF3 /* School+Extensions.swift */; };
		79BF1DA42928E37B005D6CF3 /* SchoolCreatorModal.swift in Sources */ = {isa = PBXBuildFile; fileRef = 79BF1DA32928E37B005D6CF3 /* SchoolCreatorModal.swift */; };
		79BF1DA52928E37B005D6CF3 /* SchoolCreatorModal.swift in Sources */ = {isa = PBXBuildFile; fileRef = 79BF1DA32928E37B005D6CF3 /* SchoolCreatorModal.swift */; };
		79BF1DA829290F5A005D6CF3 /* Classe+Extensions.swift in Sources */ = {isa = PBXBuildFile; fileRef = 79BF1DA729290F5A005D6CF3 /* Classe+Extensions.swift */; };
		79BF1DA929290F5A005D6CF3 /* Classe+Extensions.swift in Sources */ = {isa = PBXBuildFile; fileRef = 79BF1DA729290F5A005D6CF3 /* Classe+Extensions.swift */; };
		79BF1DAD29290FBC005D6CF3 /* Observation+Extensions.swift in Sources */ = {isa = PBXBuildFile; fileRef = 79BF1DAC29290FBC005D6CF3 /* Observation+Extensions.swift */; };
		79BF1DAE29290FBC005D6CF3 /* Observation+Extensions.swift in Sources */ = {isa = PBXBuildFile; fileRef = 79BF1DAC29290FBC005D6CF3 /* Observation+Extensions.swift */; };
		79BF1DB32929104F005D6CF3 /* Document+Extensions.swift in Sources */ = {isa = PBXBuildFile; fileRef = 79BF1DB22929104F005D6CF3 /* Document+Extensions.swift */; };
		79BF1DB42929104F005D6CF3 /* Document+Extensions.swift in Sources */ = {isa = PBXBuildFile; fileRef = 79BF1DB22929104F005D6CF3 /* Document+Extensions.swift */; };
		79BF1DB62929105D005D6CF3 /* Event+Extensions.swift in Sources */ = {isa = PBXBuildFile; fileRef = 79BF1DB52929105D005D6CF3 /* Event+Extensions.swift */; };
		79BF1DB72929105D005D6CF3 /* Event+Extensions.swift in Sources */ = {isa = PBXBuildFile; fileRef = 79BF1DB52929105D005D6CF3 /* Event+Extensions.swift */; };
		79BF1DB929291069005D6CF3 /* Room+Extensions.swift in Sources */ = {isa = PBXBuildFile; fileRef = 79BF1DB829291069005D6CF3 /* Room+Extensions.swift */; };
		79BF1DBA29291069005D6CF3 /* Room+Extensions.swift in Sources */ = {isa = PBXBuildFile; fileRef = 79BF1DB829291069005D6CF3 /* Room+Extensions.swift */; };
		79D573472927EEDE00B0B7B8 /* SchoolViewModel.swift in Sources */ = {isa = PBXBuildFile; fileRef = 79D573462927EEDE00B0B7B8 /* SchoolViewModel.swift */; };
		79D573492927F16B00B0B7B8 /* NiveauSchool.swift in Sources */ = {isa = PBXBuildFile; fileRef = 79D573482927F16B00B0B7B8 /* NiveauSchool.swift */; };
		79D5734A2927F16B00B0B7B8 /* NiveauSchool.swift in Sources */ = {isa = PBXBuildFile; fileRef = 79D573482927F16B00B0B7B8 /* NiveauSchool.swift */; };
		79DEDAE22925849600F508EF /* HelpersView in Frameworks */ = {isa = PBXBuildFile; productRef = 79DEDAE12925849600F508EF /* HelpersView */; };
		79DEDAE9292585E300F508EF /* SchoolSplitView.swift in Sources */ = {isa = PBXBuildFile; fileRef = 79DEDAE8292585E300F508EF /* SchoolSplitView.swift */; };
		79DEDAEA292585E300F508EF /* SchoolSplitView.swift in Sources */ = {isa = PBXBuildFile; fileRef = 79DEDAE8292585E300F508EF /* SchoolSplitView.swift */; };
		79DEDAEC2925864A00F508EF /* ClasseSplitView.swift in Sources */ = {isa = PBXBuildFile; fileRef = 79DEDAEB2925864A00F508EF /* ClasseSplitView.swift */; };
		79DEDAED2925864A00F508EF /* ClasseSplitView.swift in Sources */ = {isa = PBXBuildFile; fileRef = 79DEDAEB2925864A00F508EF /* ClasseSplitView.swift */; };
		79DEDAEF292586A500F508EF /* EleveSplitView.swift in Sources */ = {isa = PBXBuildFile; fileRef = 79DEDAEE292586A500F508EF /* EleveSplitView.swift */; };
		79DEDAF0292586A500F508EF /* EleveSplitView.swift in Sources */ = {isa = PBXBuildFile; fileRef = 79DEDAEE292586A500F508EF /* EleveSplitView.swift */; };
		79DEDAF2292586B500F508EF /* ObservSplitView.swift in Sources */ = {isa = PBXBuildFile; fileRef = 79DEDAF1292586B500F508EF /* ObservSplitView.swift */; };
		79DEDAF3292586B500F508EF /* ObservSplitView.swift in Sources */ = {isa = PBXBuildFile; fileRef = 79DEDAF1292586B500F508EF /* ObservSplitView.swift */; };
		79DEDAF5292586C800F508EF /* ColleSplitView.swift in Sources */ = {isa = PBXBuildFile; fileRef = 79DEDAF4292586C800F508EF /* ColleSplitView.swift */; };
		79DEDAF6292586C800F508EF /* ColleSplitView.swift in Sources */ = {isa = PBXBuildFile; fileRef = 79DEDAF4292586C800F508EF /* ColleSplitView.swift */; };
		79DEDAF82925870500F508EF /* ColleSidebarView.swift in Sources */ = {isa = PBXBuildFile; fileRef = 79DEDAF72925870500F508EF /* ColleSidebarView.swift */; };
		79DEDAF92925870500F508EF /* ColleSidebarView.swift in Sources */ = {isa = PBXBuildFile; fileRef = 79DEDAF72925870500F508EF /* ColleSidebarView.swift */; };
		79DEDAFB2925897600F508EF /* ObservSidebarView.swift in Sources */ = {isa = PBXBuildFile; fileRef = 79DEDAFA2925897600F508EF /* ObservSidebarView.swift */; };
		79DEDAFC2925897600F508EF /* ObservSidebarView.swift in Sources */ = {isa = PBXBuildFile; fileRef = 79DEDAFA2925897600F508EF /* ObservSidebarView.swift */; };
		79DEDAFE292589F400F508EF /* EleveSidebarView.swift in Sources */ = {isa = PBXBuildFile; fileRef = 79DEDAFD292589F400F508EF /* EleveSidebarView.swift */; };
		79DEDAFF292589F400F508EF /* EleveSidebarView.swift in Sources */ = {isa = PBXBuildFile; fileRef = 79DEDAFD292589F400F508EF /* EleveSidebarView.swift */; };
		79DEDB0129258D4000F508EF /* ClasseSidebarView.swift in Sources */ = {isa = PBXBuildFile; fileRef = 79DEDB0029258D4000F508EF /* ClasseSidebarView.swift */; };
		79DEDB0229258D4000F508EF /* ClasseSidebarView.swift in Sources */ = {isa = PBXBuildFile; fileRef = 79DEDB0029258D4000F508EF /* ClasseSidebarView.swift */; };
		79DEDB042925902800F508EF /* SchoolSidebarView.swift in Sources */ = {isa = PBXBuildFile; fileRef = 79DEDB032925902800F508EF /* SchoolSidebarView.swift */; };
		79DEDB052925902800F508EF /* SchoolSidebarView.swift in Sources */ = {isa = PBXBuildFile; fileRef = 79DEDB032925902800F508EF /* SchoolSidebarView.swift */; };
		79DEDB0D292593C200F508EF /* AppVersionView.swift in Sources */ = {isa = PBXBuildFile; fileRef = 79DEDB07292593C200F508EF /* AppVersionView.swift */; };
		79DEDB0E292593C200F508EF /* AppVersionView.swift in Sources */ = {isa = PBXBuildFile; fileRef = 79DEDB07292593C200F508EF /* AppVersionView.swift */; };
		79DEDB0F292593C200F508EF /* SettingsView.swift in Sources */ = {isa = PBXBuildFile; fileRef = 79DEDB08292593C200F508EF /* SettingsView.swift */; };
		79DEDB10292593C200F508EF /* SettingsView.swift in Sources */ = {isa = PBXBuildFile; fileRef = 79DEDB08292593C200F508EF /* SettingsView.swift */; };
		79DEDB11292593C200F508EF /* SettingsEleve.swift in Sources */ = {isa = PBXBuildFile; fileRef = 79DEDB09292593C200F508EF /* SettingsEleve.swift */; };
		79DEDB12292593C200F508EF /* SettingsEleve.swift in Sources */ = {isa = PBXBuildFile; fileRef = 79DEDB09292593C200F508EF /* SettingsEleve.swift */; };
		79DEDB13292593C200F508EF /* SettingsClasse.swift in Sources */ = {isa = PBXBuildFile; fileRef = 79DEDB0A292593C200F508EF /* SettingsClasse.swift */; };
		79DEDB14292593C200F508EF /* SettingsClasse.swift in Sources */ = {isa = PBXBuildFile; fileRef = 79DEDB0A292593C200F508EF /* SettingsClasse.swift */; };
		79DEDB15292593C200F508EF /* SettingsGeneral.swift in Sources */ = {isa = PBXBuildFile; fileRef = 79DEDB0B292593C200F508EF /* SettingsGeneral.swift */; };
		79DEDB16292593C200F508EF /* SettingsGeneral.swift in Sources */ = {isa = PBXBuildFile; fileRef = 79DEDB0B292593C200F508EF /* SettingsGeneral.swift */; };
		79DEDB17292593C200F508EF /* SettingsSchool.swift in Sources */ = {isa = PBXBuildFile; fileRef = 79DEDB0C292593C200F508EF /* SettingsSchool.swift */; };
		79DEDB18292593C200F508EF /* SettingsSchool.swift in Sources */ = {isa = PBXBuildFile; fileRef = 79DEDB0C292593C200F508EF /* SettingsSchool.swift */; };
		79DEDB1C292594ED00F508EF /* FileAndFolder in Frameworks */ = {isa = PBXBuildFile; productRef = 79DEDB1B292594ED00F508EF /* FileAndFolder */; };
		79DEDB222925991100F508EF /* Persistence.swift in Sources */ = {isa = PBXBuildFile; fileRef = 79DEDB212925991100F508EF /* Persistence.swift */; };
		79DEDB232925991100F508EF /* Persistence.swift in Sources */ = {isa = PBXBuildFile; fileRef = 79DEDB212925991100F508EF /* Persistence.swift */; };
		79DEDB272925996E00F508EF /* Interoperability.swift in Sources */ = {isa = PBXBuildFile; fileRef = 79DEDB242925996E00F508EF /* Interoperability.swift */; };
		79DEDB282925996E00F508EF /* Interoperability.swift in Sources */ = {isa = PBXBuildFile; fileRef = 79DEDB242925996E00F508EF /* Interoperability.swift */; };
		79DEDB292925996E00F508EF /* UIPreferences.swift in Sources */ = {isa = PBXBuildFile; fileRef = 79DEDB252925996E00F508EF /* UIPreferences.swift */; };
		79DEDB2A2925996E00F508EF /* UIPreferences.swift in Sources */ = {isa = PBXBuildFile; fileRef = 79DEDB252925996E00F508EF /* UIPreferences.swift */; };
		79DEDB2B2925996E00F508EF /* Preferences.swift in Sources */ = {isa = PBXBuildFile; fileRef = 79DEDB262925996E00F508EF /* Preferences.swift */; };
		79DEDB2C2925996E00F508EF /* Preferences.swift in Sources */ = {isa = PBXBuildFile; fileRef = 79DEDB262925996E00F508EF /* Preferences.swift */; };
/* End PBXBuildFile section */

/* Begin PBXContainerItemProxy section */
		79B6631329244C3F007B1FBD /* PBXContainerItemProxy */ = {
			isa = PBXContainerItemProxy;
			containerPortal = 79B662F929244C3F007B1FBD /* Project object */;
			proxyType = 1;
			remoteGlobalIDString = 79B6630029244C3F007B1FBD;
			remoteInfo = "Assistant Professeur";
		};
		79B6631D29244C3F007B1FBD /* PBXContainerItemProxy */ = {
			isa = PBXContainerItemProxy;
			containerPortal = 79B662F929244C3F007B1FBD /* Project object */;
			proxyType = 1;
			remoteGlobalIDString = 79B6630029244C3F007B1FBD;
			remoteInfo = "Assistant Professeur";
		};
/* End PBXContainerItemProxy section */

/* Begin PBXFileReference section */
		7921F54B2925825800173F39 /* ModelEntityP.swift */ = {isa = PBXFileReference; fileEncoding = 4; lastKnownFileType = sourcecode.swift; path = ModelEntityP.swift; sourceTree = "<group>"; };
		7921F54D292583FA00173F39 /* HelpersView */ = {isa = PBXFileReference; lastKnownFileType = wrapper; name = HelpersView; path = ../Packages/HelpersView; sourceTree = "<group>"; };
		79388A4429256819002AABB8 /* CoreDataController.swift */ = {isa = PBXFileReference; fileEncoding = 4; lastKnownFileType = sourcecode.swift; path = CoreDataController.swift; sourceTree = "<group>"; };
		79388A4829256E13002AABB8 /* MainScene.swift */ = {isa = PBXFileReference; lastKnownFileType = sourcecode.swift; path = MainScene.swift; sourceTree = "<group>"; };
		79388A4E29257025002AABB8 /* AppState.swift */ = {isa = PBXFileReference; fileEncoding = 4; lastKnownFileType = sourcecode.swift; path = AppState.swift; sourceTree = "<group>"; };
		79388A5229257045002AABB8 /* NavigationModel.swift */ = {isa = PBXFileReference; fileEncoding = 4; lastKnownFileType = sourcecode.swift; path = NavigationModel.swift; sourceTree = "<group>"; };
		79595C6E2934298300C81021 /* SchoolBrowserRow.swift */ = {isa = PBXFileReference; fileEncoding = 4; lastKnownFileType = sourcecode.swift; path = SchoolBrowserRow.swift; sourceTree = "<group>"; };
		7966DCF8292573A1001D6C7F /* AppFoundation */ = {isa = PBXFileReference; lastKnownFileType = wrapper; name = AppFoundation; path = ../Packages/AppFoundation; sourceTree = "<group>"; };
		798458E92939529D00B74538 /* AnnotationView.swift */ = {isa = PBXFileReference; fileEncoding = 4; lastKnownFileType = sourcecode.swift; path = AnnotationView.swift; sourceTree = "<group>"; };
		79AEA0A829356DBA0053DDDD /* SchoolEditor.swift */ = {isa = PBXFileReference; fileEncoding = 4; lastKnownFileType = sourcecode.swift; path = SchoolEditor.swift; sourceTree = "<group>"; };
		79AEA0AA29358A8F0053DDDD /* SchoolDetail.swift */ = {isa = PBXFileReference; fileEncoding = 4; lastKnownFileType = sourcecode.swift; path = SchoolDetail.swift; sourceTree = "<group>"; };
		79B6630129244C3F007B1FBD /* Assistant Professeur.app */ = {isa = PBXFileReference; explicitFileType = wrapper.application; includeInIndex = 0; path = "Assistant Professeur.app"; sourceTree = BUILT_PRODUCTS_DIR; };
		79B6630429244C3F007B1FBD /* Assistant_ProfesseurApp.swift */ = {isa = PBXFileReference; lastKnownFileType = sourcecode.swift; path = Assistant_ProfesseurApp.swift; sourceTree = "<group>"; };
		79B6630629244C3F007B1FBD /* ContentView.swift */ = {isa = PBXFileReference; lastKnownFileType = sourcecode.swift; path = ContentView.swift; sourceTree = "<group>"; };
		79B6630829244C3F007B1FBD /* Assets.xcassets */ = {isa = PBXFileReference; lastKnownFileType = folder.assetcatalog; path = Assets.xcassets; sourceTree = "<group>"; };
		79B6630A29244C3F007B1FBD /* Assistant_Professeur.entitlements */ = {isa = PBXFileReference; lastKnownFileType = text.plist.entitlements; path = Assistant_Professeur.entitlements; sourceTree = "<group>"; };
		79B6630C29244C3F007B1FBD /* Preview Assets.xcassets */ = {isa = PBXFileReference; lastKnownFileType = folder.assetcatalog; path = "Preview Assets.xcassets"; sourceTree = "<group>"; };
		79B6631229244C3F007B1FBD /* Assistant ProfesseurTests.xctest */ = {isa = PBXFileReference; explicitFileType = wrapper.cfbundle; includeInIndex = 0; path = "Assistant ProfesseurTests.xctest"; sourceTree = BUILT_PRODUCTS_DIR; };
		79B6631629244C3F007B1FBD /* Assistant_ProfesseurTests.swift */ = {isa = PBXFileReference; lastKnownFileType = sourcecode.swift; path = Assistant_ProfesseurTests.swift; sourceTree = "<group>"; };
		79B6631C29244C3F007B1FBD /* Assistant ProfesseurUITests.xctest */ = {isa = PBXFileReference; explicitFileType = wrapper.cfbundle; includeInIndex = 0; path = "Assistant ProfesseurUITests.xctest"; sourceTree = BUILT_PRODUCTS_DIR; };
		79B6632029244C3F007B1FBD /* Assistant_ProfesseurUITests.swift */ = {isa = PBXFileReference; lastKnownFileType = sourcecode.swift; path = Assistant_ProfesseurUITests.swift; sourceTree = "<group>"; };
		79B6632229244C3F007B1FBD /* Assistant_ProfesseurUITestsLaunchTests.swift */ = {isa = PBXFileReference; lastKnownFileType = sourcecode.swift; path = Assistant_ProfesseurUITestsLaunchTests.swift; sourceTree = "<group>"; };
		79B6633029244FC9007B1FBD /* Model.xcdatamodel */ = {isa = PBXFileReference; lastKnownFileType = wrapper.xcdatamodel; path = Model.xcdatamodel; sourceTree = "<group>"; };
		79BF1DA129280ED7005D6CF3 /* School+Extensions.swift */ = {isa = PBXFileReference; lastKnownFileType = sourcecode.swift; path = "School+Extensions.swift"; sourceTree = "<group>"; };
		79BF1DA32928E37B005D6CF3 /* SchoolCreatorModal.swift */ = {isa = PBXFileReference; fileEncoding = 4; lastKnownFileType = sourcecode.swift; path = SchoolCreatorModal.swift; sourceTree = "<group>"; };
		79BF1DA729290F5A005D6CF3 /* Classe+Extensions.swift */ = {isa = PBXFileReference; lastKnownFileType = sourcecode.swift; path = "Classe+Extensions.swift"; sourceTree = "<group>"; };
		79BF1DAC29290FBC005D6CF3 /* Observation+Extensions.swift */ = {isa = PBXFileReference; lastKnownFileType = sourcecode.swift; path = "Observation+Extensions.swift"; sourceTree = "<group>"; };
		79BF1DB22929104F005D6CF3 /* Document+Extensions.swift */ = {isa = PBXFileReference; lastKnownFileType = sourcecode.swift; path = "Document+Extensions.swift"; sourceTree = "<group>"; };
		79BF1DB52929105D005D6CF3 /* Event+Extensions.swift */ = {isa = PBXFileReference; lastKnownFileType = sourcecode.swift; path = "Event+Extensions.swift"; sourceTree = "<group>"; };
		79BF1DB829291069005D6CF3 /* Room+Extensions.swift */ = {isa = PBXFileReference; lastKnownFileType = sourcecode.swift; path = "Room+Extensions.swift"; sourceTree = "<group>"; };
		79D573462927EEDE00B0B7B8 /* SchoolViewModel.swift */ = {isa = PBXFileReference; lastKnownFileType = sourcecode.swift; path = SchoolViewModel.swift; sourceTree = "<group>"; };
		79D573482927F16B00B0B7B8 /* NiveauSchool.swift */ = {isa = PBXFileReference; fileEncoding = 4; lastKnownFileType = sourcecode.swift; path = NiveauSchool.swift; sourceTree = "<group>"; };
		79DEDAE8292585E300F508EF /* SchoolSplitView.swift */ = {isa = PBXFileReference; fileEncoding = 4; lastKnownFileType = sourcecode.swift; path = SchoolSplitView.swift; sourceTree = "<group>"; };
		79DEDAEB2925864A00F508EF /* ClasseSplitView.swift */ = {isa = PBXFileReference; fileEncoding = 4; lastKnownFileType = sourcecode.swift; path = ClasseSplitView.swift; sourceTree = "<group>"; };
		79DEDAEE292586A500F508EF /* EleveSplitView.swift */ = {isa = PBXFileReference; fileEncoding = 4; lastKnownFileType = sourcecode.swift; path = EleveSplitView.swift; sourceTree = "<group>"; };
		79DEDAF1292586B500F508EF /* ObservSplitView.swift */ = {isa = PBXFileReference; fileEncoding = 4; lastKnownFileType = sourcecode.swift; path = ObservSplitView.swift; sourceTree = "<group>"; };
		79DEDAF4292586C800F508EF /* ColleSplitView.swift */ = {isa = PBXFileReference; fileEncoding = 4; lastKnownFileType = sourcecode.swift; path = ColleSplitView.swift; sourceTree = "<group>"; };
		79DEDAF72925870500F508EF /* ColleSidebarView.swift */ = {isa = PBXFileReference; fileEncoding = 4; lastKnownFileType = sourcecode.swift; path = ColleSidebarView.swift; sourceTree = "<group>"; };
		79DEDAFA2925897600F508EF /* ObservSidebarView.swift */ = {isa = PBXFileReference; fileEncoding = 4; lastKnownFileType = sourcecode.swift; path = ObservSidebarView.swift; sourceTree = "<group>"; };
		79DEDAFD292589F400F508EF /* EleveSidebarView.swift */ = {isa = PBXFileReference; fileEncoding = 4; lastKnownFileType = sourcecode.swift; path = EleveSidebarView.swift; sourceTree = "<group>"; };
		79DEDB0029258D4000F508EF /* ClasseSidebarView.swift */ = {isa = PBXFileReference; fileEncoding = 4; lastKnownFileType = sourcecode.swift; path = ClasseSidebarView.swift; sourceTree = "<group>"; };
		79DEDB032925902800F508EF /* SchoolSidebarView.swift */ = {isa = PBXFileReference; fileEncoding = 4; lastKnownFileType = sourcecode.swift; path = SchoolSidebarView.swift; sourceTree = "<group>"; };
		79DEDB07292593C200F508EF /* AppVersionView.swift */ = {isa = PBXFileReference; fileEncoding = 4; lastKnownFileType = sourcecode.swift; path = AppVersionView.swift; sourceTree = "<group>"; };
		79DEDB08292593C200F508EF /* SettingsView.swift */ = {isa = PBXFileReference; fileEncoding = 4; lastKnownFileType = sourcecode.swift; path = SettingsView.swift; sourceTree = "<group>"; };
		79DEDB09292593C200F508EF /* SettingsEleve.swift */ = {isa = PBXFileReference; fileEncoding = 4; lastKnownFileType = sourcecode.swift; path = SettingsEleve.swift; sourceTree = "<group>"; };
		79DEDB0A292593C200F508EF /* SettingsClasse.swift */ = {isa = PBXFileReference; fileEncoding = 4; lastKnownFileType = sourcecode.swift; path = SettingsClasse.swift; sourceTree = "<group>"; };
		79DEDB0B292593C200F508EF /* SettingsGeneral.swift */ = {isa = PBXFileReference; fileEncoding = 4; lastKnownFileType = sourcecode.swift; path = SettingsGeneral.swift; sourceTree = "<group>"; };
		79DEDB0C292593C200F508EF /* SettingsSchool.swift */ = {isa = PBXFileReference; fileEncoding = 4; lastKnownFileType = sourcecode.swift; path = SettingsSchool.swift; sourceTree = "<group>"; };
		79DEDB1A292594C800F508EF /* FileAndFolder */ = {isa = PBXFileReference; lastKnownFileType = wrapper; name = FileAndFolder; path = ../Packages/FileAndFolder; sourceTree = "<group>"; };
		79DEDB212925991100F508EF /* Persistence.swift */ = {isa = PBXFileReference; fileEncoding = 4; lastKnownFileType = sourcecode.swift; path = Persistence.swift; sourceTree = "<group>"; };
		79DEDB242925996E00F508EF /* Interoperability.swift */ = {isa = PBXFileReference; fileEncoding = 4; lastKnownFileType = sourcecode.swift; path = Interoperability.swift; sourceTree = "<group>"; };
		79DEDB252925996E00F508EF /* UIPreferences.swift */ = {isa = PBXFileReference; fileEncoding = 4; lastKnownFileType = sourcecode.swift; path = UIPreferences.swift; sourceTree = "<group>"; };
		79DEDB262925996E00F508EF /* Preferences.swift */ = {isa = PBXFileReference; fileEncoding = 4; lastKnownFileType = sourcecode.swift; path = Preferences.swift; sourceTree = "<group>"; };
/* End PBXFileReference section */

/* Begin PBXFrameworksBuildPhase section */
		79B662FE29244C3F007B1FBD /* Frameworks */ = {
			isa = PBXFrameworksBuildPhase;
			buildActionMask = 2147483647;
			files = (
				7921F54A292575B400173F39 /* AppFoundation in Frameworks */,
				79DEDAE22925849600F508EF /* HelpersView in Frameworks */,
				79DEDB1C292594ED00F508EF /* FileAndFolder in Frameworks */,
			);
			runOnlyForDeploymentPostprocessing = 0;
		};
		79B6630F29244C3F007B1FBD /* Frameworks */ = {
			isa = PBXFrameworksBuildPhase;
			buildActionMask = 2147483647;
			files = (
			);
			runOnlyForDeploymentPostprocessing = 0;
		};
		79B6631929244C3F007B1FBD /* Frameworks */ = {
			isa = PBXFrameworksBuildPhase;
			buildActionMask = 2147483647;
			files = (
			);
			runOnlyForDeploymentPostprocessing = 0;
		};
/* End PBXFrameworksBuildPhase section */

/* Begin PBXGroup section */
		7921F548292575B400173F39 /* Frameworks */ = {
			isa = PBXGroup;
			children = (
			);
			name = Frameworks;
			sourceTree = "<group>";
		};
		79388A4329256819002AABB8 /* Managers */ = {
			isa = PBXGroup;
			children = (
			);
			path = Managers;
			sourceTree = "<group>";
		};
		79388A4C29256E7D002AABB8 /* Model */ = {
			isa = PBXGroup;
			children = (
				7921F54B2925825800173F39 /* ModelEntityP.swift */,
				79388A4E29257025002AABB8 /* AppState.swift */,
				79DEDB1D292598BE00F508EF /* Persistence */,
				79388A4329256819002AABB8 /* Managers */,
				79BF1DA029280E8B005D6CF3 /* School */,
				79BF1DA629290F32005D6CF3 /* Classe */,
				79BF1DAA29290F83005D6CF3 /* Observation */,
				79BF1DAB29290F8C005D6CF3 /* Colle */,
			);
			path = Model;
			sourceTree = "<group>";
		};
		79388A4D29256E92002AABB8 /* Views */ = {
			isa = PBXGroup;
			children = (
				79B6630629244C3F007B1FBD /* ContentView.swift */,
				79DEDB06292593C200F508EF /* PreferencesViews */,
				798458E82939529D00B74538 /* Annotation */,
				79DEDAE32925855B00F508EF /* School */,
				79DEDAE42925857C00F508EF /* Classe */,
				79DEDAE52925858900F508EF /* Eleve */,
				79DEDAE6292585AE00F508EF /* Observation */,
				79DEDAE7292585BD00F508EF /* Colle */,
			);
			path = Views;
			sourceTree = "<group>";
		};
		7966DCF7292573A1001D6C7F /* Packages */ = {
			isa = PBXGroup;
			children = (
				7966DCF8292573A1001D6C7F /* AppFoundation */,
				7921F54D292583FA00173F39 /* HelpersView */,
				79DEDB1A292594C800F508EF /* FileAndFolder */,
			);
			name = Packages;
			sourceTree = "<group>";
		};
		798458E82939529D00B74538 /* Annotation */ = {
			isa = PBXGroup;
			children = (
				798458E92939529D00B74538 /* AnnotationView.swift */,
			);
			path = Annotation;
			sourceTree = "<group>";
		};
		79B662F829244C3F007B1FBD = {
			isa = PBXGroup;
			children = (
				7966DCF7292573A1001D6C7F /* Packages */,
				79B6630329244C3F007B1FBD /* Assistant Professeur */,
				79B6631529244C3F007B1FBD /* Assistant ProfesseurTests */,
				79B6631F29244C3F007B1FBD /* Assistant ProfesseurUITests */,
				79B6630229244C3F007B1FBD /* Products */,
				7921F548292575B400173F39 /* Frameworks */,
			);
			sourceTree = "<group>";
		};
		79B6630229244C3F007B1FBD /* Products */ = {
			isa = PBXGroup;
			children = (
				79B6630129244C3F007B1FBD /* Assistant Professeur.app */,
				79B6631229244C3F007B1FBD /* Assistant ProfesseurTests.xctest */,
				79B6631C29244C3F007B1FBD /* Assistant ProfesseurUITests.xctest */,
			);
			name = Products;
			sourceTree = "<group>";
		};
		79B6630329244C3F007B1FBD /* Assistant Professeur */ = {
			isa = PBXGroup;
			children = (
				79B6630429244C3F007B1FBD /* Assistant_ProfesseurApp.swift */,
				79388A4829256E13002AABB8 /* MainScene.swift */,
				79388A4C29256E7D002AABB8 /* Model */,
				79388A4D29256E92002AABB8 /* Views */,
				79B6630829244C3F007B1FBD /* Assets.xcassets */,
				79B6630A29244C3F007B1FBD /* Assistant_Professeur.entitlements */,
				79B6630B29244C3F007B1FBD /* Preview Content */,
				79B6632F29244FC9007B1FBD /* AppModel.xcdatamodeld */,
			);
			path = "Assistant Professeur";
			sourceTree = "<group>";
		};
		79B6630B29244C3F007B1FBD /* Preview Content */ = {
			isa = PBXGroup;
			children = (
				79B6630C29244C3F007B1FBD /* Preview Assets.xcassets */,
			);
			path = "Preview Content";
			sourceTree = "<group>";
		};
		79B6631529244C3F007B1FBD /* Assistant ProfesseurTests */ = {
			isa = PBXGroup;
			children = (
				79B6631629244C3F007B1FBD /* Assistant_ProfesseurTests.swift */,
			);
			path = "Assistant ProfesseurTests";
			sourceTree = "<group>";
		};
		79B6631F29244C3F007B1FBD /* Assistant ProfesseurUITests */ = {
			isa = PBXGroup;
			children = (
				79B6632029244C3F007B1FBD /* Assistant_ProfesseurUITests.swift */,
				79B6632229244C3F007B1FBD /* Assistant_ProfesseurUITestsLaunchTests.swift */,
			);
			path = "Assistant ProfesseurUITests";
			sourceTree = "<group>";
		};
		79BF1DA029280E8B005D6CF3 /* School */ = {
			isa = PBXGroup;
			children = (
				79D573482927F16B00B0B7B8 /* NiveauSchool.swift */,
				79BF1DA129280ED7005D6CF3 /* School+Extensions.swift */,
				79BF1DAF29291005005D6CF3 /* Document */,
				79BF1DB02929101A005D6CF3 /* Event */,
				79BF1DB129291027005D6CF3 /* Room */,
			);
			path = School;
			sourceTree = "<group>";
		};
		79BF1DA629290F32005D6CF3 /* Classe */ = {
			isa = PBXGroup;
			children = (
				79BF1DA729290F5A005D6CF3 /* Classe+Extensions.swift */,
			);
			path = Classe;
			sourceTree = "<group>";
		};
		79BF1DAA29290F83005D6CF3 /* Observation */ = {
			isa = PBXGroup;
			children = (
				79BF1DAC29290FBC005D6CF3 /* Observation+Extensions.swift */,
			);
			path = Observation;
			sourceTree = "<group>";
		};
		79BF1DAB29290F8C005D6CF3 /* Colle */ = {
			isa = PBXGroup;
			children = (
			);
			path = Colle;
			sourceTree = "<group>";
		};
		79BF1DAF29291005005D6CF3 /* Document */ = {
			isa = PBXGroup;
			children = (
				79BF1DB22929104F005D6CF3 /* Document+Extensions.swift */,
			);
			path = Document;
			sourceTree = "<group>";
		};
		79BF1DB02929101A005D6CF3 /* Event */ = {
			isa = PBXGroup;
			children = (
				79BF1DB52929105D005D6CF3 /* Event+Extensions.swift */,
			);
			path = Event;
			sourceTree = "<group>";
		};
		79BF1DB129291027005D6CF3 /* Room */ = {
			isa = PBXGroup;
			children = (
				79BF1DB829291069005D6CF3 /* Room+Extensions.swift */,
			);
			path = Room;
			sourceTree = "<group>";
		};
		79DEDAE32925855B00F508EF /* School */ = {
			isa = PBXGroup;
			children = (
				79D573462927EEDE00B0B7B8 /* SchoolViewModel.swift */,
				79DEDAE8292585E300F508EF /* SchoolSplitView.swift */,
				79DEDB032925902800F508EF /* SchoolSidebarView.swift */,
				79595C6E2934298300C81021 /* SchoolBrowserRow.swift */,
				79BF1DA32928E37B005D6CF3 /* SchoolCreatorModal.swift */,
				79AEA0A829356DBA0053DDDD /* SchoolEditor.swift */,
				79AEA0AA29358A8F0053DDDD /* SchoolDetail.swift */,
			);
			path = School;
			sourceTree = "<group>";
		};
		79DEDAE42925857C00F508EF /* Classe */ = {
			isa = PBXGroup;
			children = (
				79DEDAEB2925864A00F508EF /* ClasseSplitView.swift */,
				79DEDB0029258D4000F508EF /* ClasseSidebarView.swift */,
			);
			path = Classe;
			sourceTree = "<group>";
		};
		79DEDAE52925858900F508EF /* Eleve */ = {
			isa = PBXGroup;
			children = (
				79DEDAEE292586A500F508EF /* EleveSplitView.swift */,
				79DEDAFD292589F400F508EF /* EleveSidebarView.swift */,
			);
			path = Eleve;
			sourceTree = "<group>";
		};
		79DEDAE6292585AE00F508EF /* Observation */ = {
			isa = PBXGroup;
			children = (
				79DEDAF1292586B500F508EF /* ObservSplitView.swift */,
				79DEDAFA2925897600F508EF /* ObservSidebarView.swift */,
			);
			path = Observation;
			sourceTree = "<group>";
		};
		79DEDAE7292585BD00F508EF /* Colle */ = {
			isa = PBXGroup;
			children = (
				79DEDAF4292586C800F508EF /* ColleSplitView.swift */,
				79DEDAF72925870500F508EF /* ColleSidebarView.swift */,
			);
			path = Colle;
			sourceTree = "<group>";
		};
		79DEDB06292593C200F508EF /* PreferencesViews */ = {
			isa = PBXGroup;
			children = (
				79DEDB07292593C200F508EF /* AppVersionView.swift */,
				79DEDB08292593C200F508EF /* SettingsView.swift */,
				79DEDB09292593C200F508EF /* SettingsEleve.swift */,
				79DEDB0A292593C200F508EF /* SettingsClasse.swift */,
				79DEDB0B292593C200F508EF /* SettingsGeneral.swift */,
				79DEDB0C292593C200F508EF /* SettingsSchool.swift */,
			);
			path = PreferencesViews;
			sourceTree = "<group>";
		};
		79DEDB1D292598BE00F508EF /* Persistence */ = {
			isa = PBXGroup;
			children = (
				79388A4429256819002AABB8 /* CoreDataController.swift */,
				79DEDB212925991100F508EF /* Persistence.swift */,
				79DEDB242925996E00F508EF /* Interoperability.swift */,
				79DEDB262925996E00F508EF /* Preferences.swift */,
				79DEDB252925996E00F508EF /* UIPreferences.swift */,
				79388A5229257045002AABB8 /* NavigationModel.swift */,
			);
			path = Persistence;
			sourceTree = "<group>";
		};
/* End PBXGroup section */

/* Begin PBXNativeTarget section */
		79B6630029244C3F007B1FBD /* Assistant Professeur */ = {
			isa = PBXNativeTarget;
			buildConfigurationList = 79B6632629244C3F007B1FBD /* Build configuration list for PBXNativeTarget "Assistant Professeur" */;
			buildPhases = (
				79B662FD29244C3F007B1FBD /* Sources */,
				79B662FE29244C3F007B1FBD /* Frameworks */,
				79B662FF29244C3F007B1FBD /* Resources */,
			);
			buildRules = (
			);
			dependencies = (
			);
			name = "Assistant Professeur";
			packageProductDependencies = (
				7921F549292575B400173F39 /* AppFoundation */,
				79DEDAE12925849600F508EF /* HelpersView */,
				79DEDB1B292594ED00F508EF /* FileAndFolder */,
			);
			productName = "Assistant Professeur";
			productReference = 79B6630129244C3F007B1FBD /* Assistant Professeur.app */;
			productType = "com.apple.product-type.application";
		};
		79B6631129244C3F007B1FBD /* Assistant ProfesseurTests */ = {
			isa = PBXNativeTarget;
			buildConfigurationList = 79B6632929244C3F007B1FBD /* Build configuration list for PBXNativeTarget "Assistant ProfesseurTests" */;
			buildPhases = (
				79B6630E29244C3F007B1FBD /* Sources */,
				79B6630F29244C3F007B1FBD /* Frameworks */,
				79B6631029244C3F007B1FBD /* Resources */,
			);
			buildRules = (
			);
			dependencies = (
				79B6631429244C3F007B1FBD /* PBXTargetDependency */,
			);
			name = "Assistant ProfesseurTests";
			productName = "Assistant ProfesseurTests";
			productReference = 79B6631229244C3F007B1FBD /* Assistant ProfesseurTests.xctest */;
			productType = "com.apple.product-type.bundle.unit-test";
		};
		79B6631B29244C3F007B1FBD /* Assistant ProfesseurUITests */ = {
			isa = PBXNativeTarget;
			buildConfigurationList = 79B6632C29244C3F007B1FBD /* Build configuration list for PBXNativeTarget "Assistant ProfesseurUITests" */;
			buildPhases = (
				79B6631829244C3F007B1FBD /* Sources */,
				79B6631929244C3F007B1FBD /* Frameworks */,
				79B6631A29244C3F007B1FBD /* Resources */,
			);
			buildRules = (
			);
			dependencies = (
				79B6631E29244C3F007B1FBD /* PBXTargetDependency */,
			);
			name = "Assistant ProfesseurUITests";
			productName = "Assistant ProfesseurUITests";
			productReference = 79B6631C29244C3F007B1FBD /* Assistant ProfesseurUITests.xctest */;
			productType = "com.apple.product-type.bundle.ui-testing";
		};
/* End PBXNativeTarget section */

/* Begin PBXProject section */
		79B662F929244C3F007B1FBD /* Project object */ = {
			isa = PBXProject;
			attributes = {
				BuildIndependentTargetsInParallel = 1;
				LastSwiftUpdateCheck = 1410;
				LastUpgradeCheck = 1410;
				TargetAttributes = {
					79B6630029244C3F007B1FBD = {
						CreatedOnToolsVersion = 14.1;
					};
					79B6631129244C3F007B1FBD = {
						CreatedOnToolsVersion = 14.1;
						TestTargetID = 79B6630029244C3F007B1FBD;
					};
					79B6631B29244C3F007B1FBD = {
						CreatedOnToolsVersion = 14.1;
						TestTargetID = 79B6630029244C3F007B1FBD;
					};
				};
			};
			buildConfigurationList = 79B662FC29244C3F007B1FBD /* Build configuration list for PBXProject "Assistant Professeur" */;
			compatibilityVersion = "Xcode 14.0";
			developmentRegion = en;
			hasScannedForEncodings = 0;
			knownRegions = (
				en,
				Base,
			);
			mainGroup = 79B662F829244C3F007B1FBD;
			productRefGroup = 79B6630229244C3F007B1FBD /* Products */;
			projectDirPath = "";
			projectRoot = "";
			targets = (
				79B6630029244C3F007B1FBD /* Assistant Professeur */,
				79B6631129244C3F007B1FBD /* Assistant ProfesseurTests */,
				79B6631B29244C3F007B1FBD /* Assistant ProfesseurUITests */,
			);
		};
/* End PBXProject section */

/* Begin PBXResourcesBuildPhase section */
		79B662FF29244C3F007B1FBD /* Resources */ = {
			isa = PBXResourcesBuildPhase;
			buildActionMask = 2147483647;
			files = (
				79B6630D29244C3F007B1FBD /* Preview Assets.xcassets in Resources */,
				79B6630929244C3F007B1FBD /* Assets.xcassets in Resources */,
			);
			runOnlyForDeploymentPostprocessing = 0;
		};
		79B6631029244C3F007B1FBD /* Resources */ = {
			isa = PBXResourcesBuildPhase;
			buildActionMask = 2147483647;
			files = (
			);
			runOnlyForDeploymentPostprocessing = 0;
		};
		79B6631A29244C3F007B1FBD /* Resources */ = {
			isa = PBXResourcesBuildPhase;
			buildActionMask = 2147483647;
			files = (
			);
			runOnlyForDeploymentPostprocessing = 0;
		};
/* End PBXResourcesBuildPhase section */

/* Begin PBXSourcesBuildPhase section */
		79B662FD29244C3F007B1FBD /* Sources */ = {
			isa = PBXSourcesBuildPhase;
			buildActionMask = 2147483647;
			files = (
				79AEA0AB29358A8F0053DDDD /* SchoolDetail.swift in Sources */,
				79DEDB17292593C200F508EF /* SettingsSchool.swift in Sources */,
				79DEDAE9292585E300F508EF /* SchoolSplitView.swift in Sources */,
				79DEDB13292593C200F508EF /* SettingsClasse.swift in Sources */,
				79B6630729244C3F007B1FBD /* ContentView.swift in Sources */,
				79D573472927EEDE00B0B7B8 /* SchoolViewModel.swift in Sources */,
				79DEDB11292593C200F508EF /* SettingsEleve.swift in Sources */,
				79DEDAEF292586A500F508EF /* EleveSplitView.swift in Sources */,
				79D573492927F16B00B0B7B8 /* NiveauSchool.swift in Sources */,
				79B6630529244C3F007B1FBD /* Assistant_ProfesseurApp.swift in Sources */,
				79DEDB222925991100F508EF /* Persistence.swift in Sources */,
				79BF1DA829290F5A005D6CF3 /* Classe+Extensions.swift in Sources */,
				79388A4529256819002AABB8 /* CoreDataController.swift in Sources */,
				79BF1DB62929105D005D6CF3 /* Event+Extensions.swift in Sources */,
				79DEDB0F292593C200F508EF /* SettingsView.swift in Sources */,
				79DEDB0D292593C200F508EF /* AppVersionView.swift in Sources */,
				79595C6F2934298300C81021 /* SchoolBrowserRow.swift in Sources */,
				79DEDAEC2925864A00F508EF /* ClasseSplitView.swift in Sources */,
				79BF1DAD29290FBC005D6CF3 /* Observation+Extensions.swift in Sources */,
				79388A4F29257025002AABB8 /* AppState.swift in Sources */,
				79DEDAFE292589F400F508EF /* EleveSidebarView.swift in Sources */,
				79BF1DA42928E37B005D6CF3 /* SchoolCreatorModal.swift in Sources */,
				79BF1DB929291069005D6CF3 /* Room+Extensions.swift in Sources */,
				79388A4929256E13002AABB8 /* MainScene.swift in Sources */,
				79DEDB0129258D4000F508EF /* ClasseSidebarView.swift in Sources */,
				79BF1DB32929104F005D6CF3 /* Document+Extensions.swift in Sources */,
				79DEDAF2292586B500F508EF /* ObservSplitView.swift in Sources */,
				79DEDAFB2925897600F508EF /* ObservSidebarView.swift in Sources */,
				79AEA0A929356DBA0053DDDD /* SchoolEditor.swift in Sources */,
				79BF1DA229280ED7005D6CF3 /* School+Extensions.swift in Sources */,
				79DEDAF82925870500F508EF /* ColleSidebarView.swift in Sources */,
				79DEDB272925996E00F508EF /* Interoperability.swift in Sources */,
				79DEDAF5292586C800F508EF /* ColleSplitView.swift in Sources */,
				79B6633129244FC9007B1FBD /* AppModel.xcdatamodeld in Sources */,
				79DEDB2B2925996E00F508EF /* Preferences.swift in Sources */,
				79DEDB042925902800F508EF /* SchoolSidebarView.swift in Sources */,
				7921F54C2925825800173F39 /* ModelEntityP.swift in Sources */,
				79DEDB15292593C200F508EF /* SettingsGeneral.swift in Sources */,
				79DEDB292925996E00F508EF /* UIPreferences.swift in Sources */,
				79388A5329257045002AABB8 /* NavigationModel.swift in Sources */,
				798458EA2939529D00B74538 /* AnnotationView.swift in Sources */,
			);
			runOnlyForDeploymentPostprocessing = 0;
		};
		79B6630E29244C3F007B1FBD /* Sources */ = {
			isa = PBXSourcesBuildPhase;
			buildActionMask = 2147483647;
			files = (
				79388A4A29256E13002AABB8 /* MainScene.swift in Sources */,
				79388A4629256819002AABB8 /* CoreDataController.swift in Sources */,
				79388A5429257045002AABB8 /* NavigationModel.swift in Sources */,
				79DEDB232925991100F508EF /* Persistence.swift in Sources */,
				79DEDB282925996E00F508EF /* Interoperability.swift in Sources */,
				79B6631729244C3F007B1FBD /* Assistant_ProfesseurTests.swift in Sources */,
				79DEDB2A2925996E00F508EF /* UIPreferences.swift in Sources */,
				79D5734A2927F16B00B0B7B8 /* NiveauSchool.swift in Sources */,
				79388A5029257025002AABB8 /* AppState.swift in Sources */,
				79DEDB2C2925996E00F508EF /* Preferences.swift in Sources */,
			);
			runOnlyForDeploymentPostprocessing = 0;
		};
		79B6631829244C3F007B1FBD /* Sources */ = {
			isa = PBXSourcesBuildPhase;
			buildActionMask = 2147483647;
			files = (
				79BF1DB42929104F005D6CF3 /* Document+Extensions.swift in Sources */,
				79DEDB16292593C200F508EF /* SettingsGeneral.swift in Sources */,
				79BF1DA929290F5A005D6CF3 /* Classe+Extensions.swift in Sources */,
				79BF1DB72929105D005D6CF3 /* Event+Extensions.swift in Sources */,
				79DEDAFC2925897600F508EF /* ObservSidebarView.swift in Sources */,
				79DEDAF0292586A500F508EF /* EleveSplitView.swift in Sources */,
				79DEDB10292593C200F508EF /* SettingsView.swift in Sources */,
				79388A5129257025002AABB8 /* AppState.swift in Sources */,
				79DEDB0E292593C200F508EF /* AppVersionView.swift in Sources */,
				79DEDAED2925864A00F508EF /* ClasseSplitView.swift in Sources */,
				79DEDAFF292589F400F508EF /* EleveSidebarView.swift in Sources */,
				79DEDB0229258D4000F508EF /* ClasseSidebarView.swift in Sources */,
				79388A4B29256E13002AABB8 /* MainScene.swift in Sources */,
				79DEDAF92925870500F508EF /* ColleSidebarView.swift in Sources */,
				79DEDB18292593C200F508EF /* SettingsSchool.swift in Sources */,
				79BF1DAE29290FBC005D6CF3 /* Observation+Extensions.swift in Sources */,
				79DEDB12292593C200F508EF /* SettingsEleve.swift in Sources */,
				79B6632129244C3F007B1FBD /* Assistant_ProfesseurUITests.swift in Sources */,
				79BF1DBA29291069005D6CF3 /* Room+Extensions.swift in Sources */,
				79DEDAF3292586B500F508EF /* ObservSplitView.swift in Sources */,
				79BF1DA52928E37B005D6CF3 /* SchoolCreatorModal.swift in Sources */,
				79B6632329244C3F007B1FBD /* Assistant_ProfesseurUITestsLaunchTests.swift in Sources */,
				79DEDB14292593C200F508EF /* SettingsClasse.swift in Sources */,
				79DEDAF6292586C800F508EF /* ColleSplitView.swift in Sources */,
				79DEDAEA292585E300F508EF /* SchoolSplitView.swift in Sources */,
				79DEDB052925902800F508EF /* SchoolSidebarView.swift in Sources */,
			);
			runOnlyForDeploymentPostprocessing = 0;
		};
/* End PBXSourcesBuildPhase section */

/* Begin PBXTargetDependency section */
		79B6631429244C3F007B1FBD /* PBXTargetDependency */ = {
			isa = PBXTargetDependency;
			target = 79B6630029244C3F007B1FBD /* Assistant Professeur */;
			targetProxy = 79B6631329244C3F007B1FBD /* PBXContainerItemProxy */;
		};
		79B6631E29244C3F007B1FBD /* PBXTargetDependency */ = {
			isa = PBXTargetDependency;
			target = 79B6630029244C3F007B1FBD /* Assistant Professeur */;
			targetProxy = 79B6631D29244C3F007B1FBD /* PBXContainerItemProxy */;
		};
/* End PBXTargetDependency section */

/* Begin XCBuildConfiguration section */
		79B6632429244C3F007B1FBD /* Debug */ = {
			isa = XCBuildConfiguration;
			buildSettings = {
				ALWAYS_SEARCH_USER_PATHS = NO;
				CLANG_ANALYZER_NONNULL = YES;
				CLANG_ANALYZER_NUMBER_OBJECT_CONVERSION = YES_AGGRESSIVE;
				CLANG_CXX_LANGUAGE_STANDARD = "gnu++20";
				CLANG_ENABLE_MODULES = YES;
				CLANG_ENABLE_OBJC_ARC = YES;
				CLANG_ENABLE_OBJC_WEAK = YES;
				CLANG_WARN_BLOCK_CAPTURE_AUTORELEASING = YES;
				CLANG_WARN_BOOL_CONVERSION = YES;
				CLANG_WARN_COMMA = YES;
				CLANG_WARN_CONSTANT_CONVERSION = YES;
				CLANG_WARN_DEPRECATED_OBJC_IMPLEMENTATIONS = YES;
				CLANG_WARN_DIRECT_OBJC_ISA_USAGE = YES_ERROR;
				CLANG_WARN_DOCUMENTATION_COMMENTS = YES;
				CLANG_WARN_EMPTY_BODY = YES;
				CLANG_WARN_ENUM_CONVERSION = YES;
				CLANG_WARN_INFINITE_RECURSION = YES;
				CLANG_WARN_INT_CONVERSION = YES;
				CLANG_WARN_NON_LITERAL_NULL_CONVERSION = YES;
				CLANG_WARN_OBJC_IMPLICIT_RETAIN_SELF = YES;
				CLANG_WARN_OBJC_LITERAL_CONVERSION = YES;
				CLANG_WARN_OBJC_ROOT_CLASS = YES_ERROR;
				CLANG_WARN_QUOTED_INCLUDE_IN_FRAMEWORK_HEADER = YES;
				CLANG_WARN_RANGE_LOOP_ANALYSIS = YES;
				CLANG_WARN_STRICT_PROTOTYPES = YES;
				CLANG_WARN_SUSPICIOUS_MOVE = YES;
				CLANG_WARN_UNGUARDED_AVAILABILITY = YES_AGGRESSIVE;
				CLANG_WARN_UNREACHABLE_CODE = YES;
				CLANG_WARN__DUPLICATE_METHOD_MATCH = YES;
				COPY_PHASE_STRIP = NO;
				DEBUG_INFORMATION_FORMAT = dwarf;
				ENABLE_STRICT_OBJC_MSGSEND = YES;
				ENABLE_TESTABILITY = YES;
				GCC_C_LANGUAGE_STANDARD = gnu11;
				GCC_DYNAMIC_NO_PIC = NO;
				GCC_NO_COMMON_BLOCKS = YES;
				GCC_OPTIMIZATION_LEVEL = 0;
				GCC_PREPROCESSOR_DEFINITIONS = (
					"DEBUG=1",
					"$(inherited)",
				);
				GCC_WARN_64_TO_32_BIT_CONVERSION = YES;
				GCC_WARN_ABOUT_RETURN_TYPE = YES_ERROR;
				GCC_WARN_UNDECLARED_SELECTOR = YES;
				GCC_WARN_UNINITIALIZED_AUTOS = YES_AGGRESSIVE;
				GCC_WARN_UNUSED_FUNCTION = YES;
				GCC_WARN_UNUSED_VARIABLE = YES;
				MTL_ENABLE_DEBUG_INFO = INCLUDE_SOURCE;
				MTL_FAST_MATH = YES;
				ONLY_ACTIVE_ARCH = YES;
				SWIFT_ACTIVE_COMPILATION_CONDITIONS = DEBUG;
				SWIFT_OPTIMIZATION_LEVEL = "-Onone";
			};
			name = Debug;
		};
		79B6632529244C3F007B1FBD /* Release */ = {
			isa = XCBuildConfiguration;
			buildSettings = {
				ALWAYS_SEARCH_USER_PATHS = NO;
				CLANG_ANALYZER_NONNULL = YES;
				CLANG_ANALYZER_NUMBER_OBJECT_CONVERSION = YES_AGGRESSIVE;
				CLANG_CXX_LANGUAGE_STANDARD = "gnu++20";
				CLANG_ENABLE_MODULES = YES;
				CLANG_ENABLE_OBJC_ARC = YES;
				CLANG_ENABLE_OBJC_WEAK = YES;
				CLANG_WARN_BLOCK_CAPTURE_AUTORELEASING = YES;
				CLANG_WARN_BOOL_CONVERSION = YES;
				CLANG_WARN_COMMA = YES;
				CLANG_WARN_CONSTANT_CONVERSION = YES;
				CLANG_WARN_DEPRECATED_OBJC_IMPLEMENTATIONS = YES;
				CLANG_WARN_DIRECT_OBJC_ISA_USAGE = YES_ERROR;
				CLANG_WARN_DOCUMENTATION_COMMENTS = YES;
				CLANG_WARN_EMPTY_BODY = YES;
				CLANG_WARN_ENUM_CONVERSION = YES;
				CLANG_WARN_INFINITE_RECURSION = YES;
				CLANG_WARN_INT_CONVERSION = YES;
				CLANG_WARN_NON_LITERAL_NULL_CONVERSION = YES;
				CLANG_WARN_OBJC_IMPLICIT_RETAIN_SELF = YES;
				CLANG_WARN_OBJC_LITERAL_CONVERSION = YES;
				CLANG_WARN_OBJC_ROOT_CLASS = YES_ERROR;
				CLANG_WARN_QUOTED_INCLUDE_IN_FRAMEWORK_HEADER = YES;
				CLANG_WARN_RANGE_LOOP_ANALYSIS = YES;
				CLANG_WARN_STRICT_PROTOTYPES = YES;
				CLANG_WARN_SUSPICIOUS_MOVE = YES;
				CLANG_WARN_UNGUARDED_AVAILABILITY = YES_AGGRESSIVE;
				CLANG_WARN_UNREACHABLE_CODE = YES;
				CLANG_WARN__DUPLICATE_METHOD_MATCH = YES;
				COPY_PHASE_STRIP = NO;
				DEBUG_INFORMATION_FORMAT = "dwarf-with-dsym";
				ENABLE_NS_ASSERTIONS = NO;
				ENABLE_STRICT_OBJC_MSGSEND = YES;
				GCC_C_LANGUAGE_STANDARD = gnu11;
				GCC_NO_COMMON_BLOCKS = YES;
				GCC_WARN_64_TO_32_BIT_CONVERSION = YES;
				GCC_WARN_ABOUT_RETURN_TYPE = YES_ERROR;
				GCC_WARN_UNDECLARED_SELECTOR = YES;
				GCC_WARN_UNINITIALIZED_AUTOS = YES_AGGRESSIVE;
				GCC_WARN_UNUSED_FUNCTION = YES;
				GCC_WARN_UNUSED_VARIABLE = YES;
				MTL_ENABLE_DEBUG_INFO = NO;
				MTL_FAST_MATH = YES;
				SWIFT_COMPILATION_MODE = wholemodule;
				SWIFT_OPTIMIZATION_LEVEL = "-O";
			};
			name = Release;
		};
		79B6632729244C3F007B1FBD /* Debug */ = {
			isa = XCBuildConfiguration;
			buildSettings = {
				ASSETCATALOG_COMPILER_APPICON_NAME = AppIcon;
				ASSETCATALOG_COMPILER_GLOBAL_ACCENT_COLOR_NAME = AccentColor;
				CODE_SIGN_ENTITLEMENTS = "Assistant Professeur/Assistant_Professeur.entitlements";
				CODE_SIGN_STYLE = Automatic;
				CURRENT_PROJECT_VERSION = 1;
				DEVELOPMENT_ASSET_PATHS = "\"Assistant Professeur/Preview Content\"";
				DEVELOPMENT_TEAM = 8N9S268396;
				ENABLE_HARDENED_RUNTIME = YES;
				ENABLE_PREVIEWS = YES;
				GENERATE_INFOPLIST_FILE = YES;
				"INFOPLIST_KEY_UIApplicationSceneManifest_Generation[sdk=iphoneos*]" = YES;
				"INFOPLIST_KEY_UIApplicationSceneManifest_Generation[sdk=iphonesimulator*]" = YES;
				"INFOPLIST_KEY_UIApplicationSupportsIndirectInputEvents[sdk=iphoneos*]" = YES;
				"INFOPLIST_KEY_UIApplicationSupportsIndirectInputEvents[sdk=iphonesimulator*]" = YES;
				"INFOPLIST_KEY_UILaunchScreen_Generation[sdk=iphoneos*]" = YES;
				"INFOPLIST_KEY_UILaunchScreen_Generation[sdk=iphonesimulator*]" = YES;
				"INFOPLIST_KEY_UIStatusBarStyle[sdk=iphoneos*]" = UIStatusBarStyleDefault;
				"INFOPLIST_KEY_UIStatusBarStyle[sdk=iphonesimulator*]" = UIStatusBarStyleDefault;
				INFOPLIST_KEY_UISupportedInterfaceOrientations_iPad = "UIInterfaceOrientationPortrait UIInterfaceOrientationPortraitUpsideDown UIInterfaceOrientationLandscapeLeft UIInterfaceOrientationLandscapeRight";
				INFOPLIST_KEY_UISupportedInterfaceOrientations_iPhone = "UIInterfaceOrientationPortrait UIInterfaceOrientationLandscapeLeft UIInterfaceOrientationLandscapeRight";
				IPHONEOS_DEPLOYMENT_TARGET = 16.1;
				LD_RUNPATH_SEARCH_PATHS = "@executable_path/Frameworks";
				"LD_RUNPATH_SEARCH_PATHS[sdk=macosx*]" = "@executable_path/../Frameworks";
				MACOSX_DEPLOYMENT_TARGET = 13.0;
				MARKETING_VERSION = 1.0;
				PRODUCT_BUNDLE_IDENTIFIER = "com.michaud.lionel.Assistant-Professeur";
				PRODUCT_NAME = "$(TARGET_NAME)";
				SDKROOT = auto;
				SUPPORTED_PLATFORMS = "iphoneos iphonesimulator macosx";
				SWIFT_EMIT_LOC_STRINGS = YES;
				SWIFT_VERSION = 5.0;
				TARGETED_DEVICE_FAMILY = "1,2";
			};
			name = Debug;
		};
		79B6632829244C3F007B1FBD /* Release */ = {
			isa = XCBuildConfiguration;
			buildSettings = {
				ASSETCATALOG_COMPILER_APPICON_NAME = AppIcon;
				ASSETCATALOG_COMPILER_GLOBAL_ACCENT_COLOR_NAME = AccentColor;
				CODE_SIGN_ENTITLEMENTS = "Assistant Professeur/Assistant_Professeur.entitlements";
				CODE_SIGN_STYLE = Automatic;
				CURRENT_PROJECT_VERSION = 1;
				DEVELOPMENT_ASSET_PATHS = "\"Assistant Professeur/Preview Content\"";
				DEVELOPMENT_TEAM = 8N9S268396;
				ENABLE_HARDENED_RUNTIME = YES;
				ENABLE_PREVIEWS = YES;
				GENERATE_INFOPLIST_FILE = YES;
				"INFOPLIST_KEY_UIApplicationSceneManifest_Generation[sdk=iphoneos*]" = YES;
				"INFOPLIST_KEY_UIApplicationSceneManifest_Generation[sdk=iphonesimulator*]" = YES;
				"INFOPLIST_KEY_UIApplicationSupportsIndirectInputEvents[sdk=iphoneos*]" = YES;
				"INFOPLIST_KEY_UIApplicationSupportsIndirectInputEvents[sdk=iphonesimulator*]" = YES;
				"INFOPLIST_KEY_UILaunchScreen_Generation[sdk=iphoneos*]" = YES;
				"INFOPLIST_KEY_UILaunchScreen_Generation[sdk=iphonesimulator*]" = YES;
				"INFOPLIST_KEY_UIStatusBarStyle[sdk=iphoneos*]" = UIStatusBarStyleDefault;
				"INFOPLIST_KEY_UIStatusBarStyle[sdk=iphonesimulator*]" = UIStatusBarStyleDefault;
				INFOPLIST_KEY_UISupportedInterfaceOrientations_iPad = "UIInterfaceOrientationPortrait UIInterfaceOrientationPortraitUpsideDown UIInterfaceOrientationLandscapeLeft UIInterfaceOrientationLandscapeRight";
				INFOPLIST_KEY_UISupportedInterfaceOrientations_iPhone = "UIInterfaceOrientationPortrait UIInterfaceOrientationLandscapeLeft UIInterfaceOrientationLandscapeRight";
				IPHONEOS_DEPLOYMENT_TARGET = 16.1;
				LD_RUNPATH_SEARCH_PATHS = "@executable_path/Frameworks";
				"LD_RUNPATH_SEARCH_PATHS[sdk=macosx*]" = "@executable_path/../Frameworks";
				MACOSX_DEPLOYMENT_TARGET = 13.0;
				MARKETING_VERSION = 1.0;
				PRODUCT_BUNDLE_IDENTIFIER = "com.michaud.lionel.Assistant-Professeur";
				PRODUCT_NAME = "$(TARGET_NAME)";
				SDKROOT = auto;
				SUPPORTED_PLATFORMS = "iphoneos iphonesimulator macosx";
				SWIFT_EMIT_LOC_STRINGS = YES;
				SWIFT_VERSION = 5.0;
				TARGETED_DEVICE_FAMILY = "1,2";
			};
			name = Release;
		};
		79B6632A29244C3F007B1FBD /* Debug */ = {
			isa = XCBuildConfiguration;
			buildSettings = {
				ALWAYS_EMBED_SWIFT_STANDARD_LIBRARIES = YES;
				BUNDLE_LOADER = "$(TEST_HOST)";
				CODE_SIGN_STYLE = Automatic;
				CURRENT_PROJECT_VERSION = 1;
				DEVELOPMENT_TEAM = 8N9S268396;
				GENERATE_INFOPLIST_FILE = YES;
				IPHONEOS_DEPLOYMENT_TARGET = 16.1;
				MACOSX_DEPLOYMENT_TARGET = 13.0;
				MARKETING_VERSION = 1.0;
				PRODUCT_BUNDLE_IDENTIFIER = "com.michaud.lionel.Assistant-ProfesseurTests";
				PRODUCT_NAME = "$(TARGET_NAME)";
				SDKROOT = auto;
				SUPPORTED_PLATFORMS = "iphoneos iphonesimulator macosx";
				SWIFT_EMIT_LOC_STRINGS = NO;
				SWIFT_VERSION = 5.0;
				TARGETED_DEVICE_FAMILY = "1,2";
				TEST_HOST = "$(BUILT_PRODUCTS_DIR)/Assistant Professeur.app/$(BUNDLE_EXECUTABLE_FOLDER_PATH)/Assistant Professeur";
			};
			name = Debug;
		};
		79B6632B29244C3F007B1FBD /* Release */ = {
			isa = XCBuildConfiguration;
			buildSettings = {
				ALWAYS_EMBED_SWIFT_STANDARD_LIBRARIES = YES;
				BUNDLE_LOADER = "$(TEST_HOST)";
				CODE_SIGN_STYLE = Automatic;
				CURRENT_PROJECT_VERSION = 1;
				DEVELOPMENT_TEAM = 8N9S268396;
				GENERATE_INFOPLIST_FILE = YES;
				IPHONEOS_DEPLOYMENT_TARGET = 16.1;
				MACOSX_DEPLOYMENT_TARGET = 13.0;
				MARKETING_VERSION = 1.0;
				PRODUCT_BUNDLE_IDENTIFIER = "com.michaud.lionel.Assistant-ProfesseurTests";
				PRODUCT_NAME = "$(TARGET_NAME)";
				SDKROOT = auto;
				SUPPORTED_PLATFORMS = "iphoneos iphonesimulator macosx";
				SWIFT_EMIT_LOC_STRINGS = NO;
				SWIFT_VERSION = 5.0;
				TARGETED_DEVICE_FAMILY = "1,2";
				TEST_HOST = "$(BUILT_PRODUCTS_DIR)/Assistant Professeur.app/$(BUNDLE_EXECUTABLE_FOLDER_PATH)/Assistant Professeur";
			};
			name = Release;
		};
		79B6632D29244C3F007B1FBD /* Debug */ = {
			isa = XCBuildConfiguration;
			buildSettings = {
				ALWAYS_EMBED_SWIFT_STANDARD_LIBRARIES = YES;
				CODE_SIGN_STYLE = Automatic;
				CURRENT_PROJECT_VERSION = 1;
				DEVELOPMENT_TEAM = 8N9S268396;
				GENERATE_INFOPLIST_FILE = YES;
				IPHONEOS_DEPLOYMENT_TARGET = 16.1;
				MACOSX_DEPLOYMENT_TARGET = 13.0;
				MARKETING_VERSION = 1.0;
				PRODUCT_BUNDLE_IDENTIFIER = "com.michaud.lionel.Assistant-ProfesseurUITests";
				PRODUCT_NAME = "$(TARGET_NAME)";
				SDKROOT = auto;
				SUPPORTED_PLATFORMS = "iphoneos iphonesimulator macosx";
				SWIFT_EMIT_LOC_STRINGS = NO;
				SWIFT_VERSION = 5.0;
				TARGETED_DEVICE_FAMILY = "1,2";
				TEST_TARGET_NAME = "Assistant Professeur";
			};
			name = Debug;
		};
		79B6632E29244C3F007B1FBD /* Release */ = {
			isa = XCBuildConfiguration;
			buildSettings = {
				ALWAYS_EMBED_SWIFT_STANDARD_LIBRARIES = YES;
				CODE_SIGN_STYLE = Automatic;
				CURRENT_PROJECT_VERSION = 1;
				DEVELOPMENT_TEAM = 8N9S268396;
				GENERATE_INFOPLIST_FILE = YES;
				IPHONEOS_DEPLOYMENT_TARGET = 16.1;
				MACOSX_DEPLOYMENT_TARGET = 13.0;
				MARKETING_VERSION = 1.0;
				PRODUCT_BUNDLE_IDENTIFIER = "com.michaud.lionel.Assistant-ProfesseurUITests";
				PRODUCT_NAME = "$(TARGET_NAME)";
				SDKROOT = auto;
				SUPPORTED_PLATFORMS = "iphoneos iphonesimulator macosx";
				SWIFT_EMIT_LOC_STRINGS = NO;
				SWIFT_VERSION = 5.0;
				TARGETED_DEVICE_FAMILY = "1,2";
				TEST_TARGET_NAME = "Assistant Professeur";
			};
			name = Release;
		};
/* End XCBuildConfiguration section */

/* Begin XCConfigurationList section */
		79B662FC29244C3F007B1FBD /* Build configuration list for PBXProject "Assistant Professeur" */ = {
			isa = XCConfigurationList;
			buildConfigurations = (
				79B6632429244C3F007B1FBD /* Debug */,
				79B6632529244C3F007B1FBD /* Release */,
			);
			defaultConfigurationIsVisible = 0;
			defaultConfigurationName = Release;
		};
		79B6632629244C3F007B1FBD /* Build configuration list for PBXNativeTarget "Assistant Professeur" */ = {
			isa = XCConfigurationList;
			buildConfigurations = (
				79B6632729244C3F007B1FBD /* Debug */,
				79B6632829244C3F007B1FBD /* Release */,
			);
			defaultConfigurationIsVisible = 0;
			defaultConfigurationName = Release;
		};
		79B6632929244C3F007B1FBD /* Build configuration list for PBXNativeTarget "Assistant ProfesseurTests" */ = {
			isa = XCConfigurationList;
			buildConfigurations = (
				79B6632A29244C3F007B1FBD /* Debug */,
				79B6632B29244C3F007B1FBD /* Release */,
			);
			defaultConfigurationIsVisible = 0;
			defaultConfigurationName = Release;
		};
		79B6632C29244C3F007B1FBD /* Build configuration list for PBXNativeTarget "Assistant ProfesseurUITests" */ = {
			isa = XCConfigurationList;
			buildConfigurations = (
				79B6632D29244C3F007B1FBD /* Debug */,
				79B6632E29244C3F007B1FBD /* Release */,
			);
			defaultConfigurationIsVisible = 0;
			defaultConfigurationName = Release;
		};
/* End XCConfigurationList section */

/* Begin XCSwiftPackageProductDependency section */
		7921F549292575B400173F39 /* AppFoundation */ = {
			isa = XCSwiftPackageProductDependency;
			productName = AppFoundation;
		};
		79DEDAE12925849600F508EF /* HelpersView */ = {
			isa = XCSwiftPackageProductDependency;
			productName = HelpersView;
		};
		79DEDB1B292594ED00F508EF /* FileAndFolder */ = {
			isa = XCSwiftPackageProductDependency;
			productName = FileAndFolder;
		};
/* End XCSwiftPackageProductDependency section */

/* Begin XCVersionGroup section */
		79B6632F29244FC9007B1FBD /* AppModel.xcdatamodeld */ = {
			isa = XCVersionGroup;
			children = (
				79B6633029244FC9007B1FBD /* Model.xcdatamodel */,
			);
			currentVersion = 79B6633029244FC9007B1FBD /* Model.xcdatamodel */;
			path = AppModel.xcdatamodeld;
			sourceTree = "<group>";
			versionGroupType = wrapper.xcdatamodel;
		};
/* End XCVersionGroup section */
	};
	rootObject = 79B662F929244C3F007B1FBD /* Project object */;
}
